// !$*UTF8*$!
{
	archiveVersion = 1;
	classes = {
	};
	objectVersion = 56;
	objects = {

/* Begin PBXBuildFile section */
		871BF27529D67A65007B9664 /* swiftui-list-extension in Frameworks */ = {isa = PBXBuildFile; productRef = 871BF27429D67A65007B9664 /* swiftui-list-extension */; };
		87F772CF29D54DAE00401D45 /* PathBuilder in Frameworks */ = {isa = PBXBuildFile; productRef = 87F772CE29D54DAE00401D45 /* PathBuilder */; };
		87F772D229D54EC500401D45 /* SwiftUIAdditions in Frameworks */ = {isa = PBXBuildFile; productRef = 87F772D129D54EC500401D45 /* SwiftUIAdditions */; };
		901AC16B29D4829000763181 /* ExamplesApp.swift in Sources */ = {isa = PBXBuildFile; fileRef = 901AC16A29D4829000763181 /* ExamplesApp.swift */; };
		901AC16D29D4829000763181 /* ContentView.swift in Sources */ = {isa = PBXBuildFile; fileRef = 901AC16C29D4829000763181 /* ContentView.swift */; };
		901AC16F29D4829200763181 /* Assets.xcassets in Resources */ = {isa = PBXBuildFile; fileRef = 901AC16E29D4829200763181 /* Assets.xcassets */; };
		901AC17329D4829200763181 /* Preview Assets.xcassets in Resources */ = {isa = PBXBuildFile; fileRef = 901AC17229D4829200763181 /* Preview Assets.xcassets */; };
		901AC17D29D4829300763181 /* ExamplesTests.swift in Sources */ = {isa = PBXBuildFile; fileRef = 901AC17C29D4829300763181 /* ExamplesTests.swift */; };
		901AC18729D4829300763181 /* ExamplesUITests.swift in Sources */ = {isa = PBXBuildFile; fileRef = 901AC18629D4829300763181 /* ExamplesUITests.swift */; };
		901AC18929D4829300763181 /* ExamplesUITestsLaunchTests.swift in Sources */ = {isa = PBXBuildFile; fileRef = 901AC18829D4829300763181 /* ExamplesUITestsLaunchTests.swift */; };
		901AC19E29D4959C00763181 /* ButtonStyles in Frameworks */ = {isa = PBXBuildFile; productRef = 901AC19D29D4959C00763181 /* ButtonStyles */; };
		901AC1A129D4A16900763181 /* SwiftUIViewModifier in Frameworks */ = {isa = PBXBuildFile; productRef = 901AC1A029D4A16900763181 /* SwiftUIViewModifier */; };
		90A6B33929D4C96100495636 /* SwiftUIMenu in Frameworks */ = {isa = PBXBuildFile; productRef = 90A6B33829D4C96100495636 /* SwiftUIMenu */; };
/* End PBXBuildFile section */

/* Begin PBXContainerItemProxy section */
		901AC17929D4829300763181 /* PBXContainerItemProxy */ = {
			isa = PBXContainerItemProxy;
			containerPortal = 901AC15F29D4828F00763181 /* Project object */;
			proxyType = 1;
			remoteGlobalIDString = 901AC16629D4829000763181;
			remoteInfo = Examples;
		};
		901AC18329D4829300763181 /* PBXContainerItemProxy */ = {
			isa = PBXContainerItemProxy;
			containerPortal = 901AC15F29D4828F00763181 /* Project object */;
			proxyType = 1;
			remoteGlobalIDString = 901AC16629D4829000763181;
			remoteInfo = Examples;
		};
/* End PBXContainerItemProxy section */

/* Begin PBXFileReference section */
		901AC16729D4829000763181 /* Examples.app */ = {isa = PBXFileReference; explicitFileType = wrapper.application; includeInIndex = 0; path = Examples.app; sourceTree = BUILT_PRODUCTS_DIR; };
		901AC16A29D4829000763181 /* ExamplesApp.swift */ = {isa = PBXFileReference; lastKnownFileType = sourcecode.swift; path = ExamplesApp.swift; sourceTree = "<group>"; };
		901AC16C29D4829000763181 /* ContentView.swift */ = {isa = PBXFileReference; lastKnownFileType = sourcecode.swift; path = ContentView.swift; sourceTree = "<group>"; };
		901AC16E29D4829200763181 /* Assets.xcassets */ = {isa = PBXFileReference; lastKnownFileType = folder.assetcatalog; path = Assets.xcassets; sourceTree = "<group>"; };
		901AC17029D4829200763181 /* Examples.entitlements */ = {isa = PBXFileReference; lastKnownFileType = text.plist.entitlements; path = Examples.entitlements; sourceTree = "<group>"; };
		901AC17229D4829200763181 /* Preview Assets.xcassets */ = {isa = PBXFileReference; lastKnownFileType = folder.assetcatalog; path = "Preview Assets.xcassets"; sourceTree = "<group>"; };
		901AC17829D4829300763181 /* ExamplesTests.xctest */ = {isa = PBXFileReference; explicitFileType = wrapper.cfbundle; includeInIndex = 0; path = ExamplesTests.xctest; sourceTree = BUILT_PRODUCTS_DIR; };
		901AC17C29D4829300763181 /* ExamplesTests.swift */ = {isa = PBXFileReference; lastKnownFileType = sourcecode.swift; path = ExamplesTests.swift; sourceTree = "<group>"; };
		901AC18229D4829300763181 /* ExamplesUITests.xctest */ = {isa = PBXFileReference; explicitFileType = wrapper.cfbundle; includeInIndex = 0; path = ExamplesUITests.xctest; sourceTree = BUILT_PRODUCTS_DIR; };
		901AC18629D4829300763181 /* ExamplesUITests.swift */ = {isa = PBXFileReference; lastKnownFileType = sourcecode.swift; path = ExamplesUITests.swift; sourceTree = "<group>"; };
		901AC18829D4829300763181 /* ExamplesUITestsLaunchTests.swift */ = {isa = PBXFileReference; lastKnownFileType = sourcecode.swift; path = ExamplesUITestsLaunchTests.swift; sourceTree = "<group>"; };
		901AC19829D4830900763181 /* swiftui-menu */ = {isa = PBXFileReference; lastKnownFileType = wrapper; name = "swiftui-menu"; path = ..; sourceTree = "<group>"; };
/* End PBXFileReference section */

/* Begin PBXFrameworksBuildPhase section */
		901AC16429D4829000763181 /* Frameworks */ = {
			isa = PBXFrameworksBuildPhase;
			buildActionMask = 2147483647;
			files = (
				87F772D229D54EC500401D45 /* SwiftUIAdditions in Frameworks */,
				901AC1A129D4A16900763181 /* SwiftUIViewModifier in Frameworks */,
				871BF27529D67A65007B9664 /* swiftui-list-extension in Frameworks */,
				90A6B33929D4C96100495636 /* SwiftUIMenu in Frameworks */,
				901AC19E29D4959C00763181 /* ButtonStyles in Frameworks */,
				87F772CF29D54DAE00401D45 /* PathBuilder in Frameworks */,
			);
			runOnlyForDeploymentPostprocessing = 0;
		};
		901AC17529D4829300763181 /* Frameworks */ = {
			isa = PBXFrameworksBuildPhase;
			buildActionMask = 2147483647;
			files = (
			);
			runOnlyForDeploymentPostprocessing = 0;
		};
		901AC17F29D4829300763181 /* Frameworks */ = {
			isa = PBXFrameworksBuildPhase;
			buildActionMask = 2147483647;
			files = (
			);
			runOnlyForDeploymentPostprocessing = 0;
		};
/* End PBXFrameworksBuildPhase section */

/* Begin PBXGroup section */
		901AC15E29D4828F00763181 = {
			isa = PBXGroup;
			children = (
				901AC19829D4830900763181 /* swiftui-menu */,
				901AC16929D4829000763181 /* Examples */,
				901AC17B29D4829300763181 /* ExamplesTests */,
				901AC18529D4829300763181 /* ExamplesUITests */,
				901AC16829D4829000763181 /* Products */,
				901AC19929D4831600763181 /* Frameworks */,
			);
			sourceTree = "<group>";
		};
		901AC16829D4829000763181 /* Products */ = {
			isa = PBXGroup;
			children = (
				901AC16729D4829000763181 /* Examples.app */,
				901AC17829D4829300763181 /* ExamplesTests.xctest */,
				901AC18229D4829300763181 /* ExamplesUITests.xctest */,
			);
			name = Products;
			sourceTree = "<group>";
		};
		901AC16929D4829000763181 /* Examples */ = {
			isa = PBXGroup;
			children = (
				901AC16A29D4829000763181 /* ExamplesApp.swift */,
				901AC16C29D4829000763181 /* ContentView.swift */,
				901AC16E29D4829200763181 /* Assets.xcassets */,
				901AC17029D4829200763181 /* Examples.entitlements */,
				901AC17129D4829200763181 /* Preview Content */,
			);
			path = Examples;
			sourceTree = "<group>";
		};
		901AC17129D4829200763181 /* Preview Content */ = {
			isa = PBXGroup;
			children = (
				901AC17229D4829200763181 /* Preview Assets.xcassets */,
			);
			path = "Preview Content";
			sourceTree = "<group>";
		};
		901AC17B29D4829300763181 /* ExamplesTests */ = {
			isa = PBXGroup;
			children = (
				901AC17C29D4829300763181 /* ExamplesTests.swift */,
			);
			path = ExamplesTests;
			sourceTree = "<group>";
		};
		901AC18529D4829300763181 /* ExamplesUITests */ = {
			isa = PBXGroup;
			children = (
				901AC18629D4829300763181 /* ExamplesUITests.swift */,
				901AC18829D4829300763181 /* ExamplesUITestsLaunchTests.swift */,
			);
			path = ExamplesUITests;
			sourceTree = "<group>";
		};
		901AC19929D4831600763181 /* Frameworks */ = {
			isa = PBXGroup;
			children = (
			);
			name = Frameworks;
			sourceTree = "<group>";
		};
/* End PBXGroup section */

/* Begin PBXNativeTarget section */
		901AC16629D4829000763181 /* Examples */ = {
			isa = PBXNativeTarget;
			buildConfigurationList = 901AC18C29D4829300763181 /* Build configuration list for PBXNativeTarget "Examples" */;
			buildPhases = (
				901AC16329D4829000763181 /* Sources */,
				901AC16429D4829000763181 /* Frameworks */,
				901AC16529D4829000763181 /* Resources */,
			);
			buildRules = (
			);
			dependencies = (
			);
			name = Examples;
			packageProductDependencies = (
				901AC19D29D4959C00763181 /* ButtonStyles */,
				901AC1A029D4A16900763181 /* SwiftUIViewModifier */,
				90A6B33829D4C96100495636 /* SwiftUIMenu */,
				87F772CE29D54DAE00401D45 /* PathBuilder */,
				87F772D129D54EC500401D45 /* SwiftUIAdditions */,
				871BF27429D67A65007B9664 /* swiftui-list-extension */,
			);
			productName = Examples;
			productReference = 901AC16729D4829000763181 /* Examples.app */;
			productType = "com.apple.product-type.application";
		};
		901AC17729D4829300763181 /* ExamplesTests */ = {
			isa = PBXNativeTarget;
			buildConfigurationList = 901AC18F29D4829300763181 /* Build configuration list for PBXNativeTarget "ExamplesTests" */;
			buildPhases = (
				901AC17429D4829300763181 /* Sources */,
				901AC17529D4829300763181 /* Frameworks */,
				901AC17629D4829300763181 /* Resources */,
			);
			buildRules = (
			);
			dependencies = (
				901AC17A29D4829300763181 /* PBXTargetDependency */,
			);
			name = ExamplesTests;
			productName = ExamplesTests;
			productReference = 901AC17829D4829300763181 /* ExamplesTests.xctest */;
			productType = "com.apple.product-type.bundle.unit-test";
		};
		901AC18129D4829300763181 /* ExamplesUITests */ = {
			isa = PBXNativeTarget;
			buildConfigurationList = 901AC19229D4829300763181 /* Build configuration list for PBXNativeTarget "ExamplesUITests" */;
			buildPhases = (
				901AC17E29D4829300763181 /* Sources */,
				901AC17F29D4829300763181 /* Frameworks */,
				901AC18029D4829300763181 /* Resources */,
			);
			buildRules = (
			);
			dependencies = (
				901AC18429D4829300763181 /* PBXTargetDependency */,
			);
			name = ExamplesUITests;
			productName = ExamplesUITests;
			productReference = 901AC18229D4829300763181 /* ExamplesUITests.xctest */;
			productType = "com.apple.product-type.bundle.ui-testing";
		};
/* End PBXNativeTarget section */

/* Begin PBXProject section */
		901AC15F29D4828F00763181 /* Project object */ = {
			isa = PBXProject;
			attributes = {
				BuildIndependentTargetsInParallel = 1;
				LastSwiftUpdateCheck = 1420;
				LastUpgradeCheck = 1420;
				TargetAttributes = {
					901AC16629D4829000763181 = {
						CreatedOnToolsVersion = 14.2;
					};
					901AC17729D4829300763181 = {
						CreatedOnToolsVersion = 14.2;
						TestTargetID = 901AC16629D4829000763181;
					};
					901AC18129D4829300763181 = {
						CreatedOnToolsVersion = 14.2;
						TestTargetID = 901AC16629D4829000763181;
					};
				};
			};
			buildConfigurationList = 901AC16229D4829000763181 /* Build configuration list for PBXProject "Examples" */;
			compatibilityVersion = "Xcode 14.0";
			developmentRegion = en;
			hasScannedForEncodings = 0;
			knownRegions = (
				en,
				Base,
			);
			mainGroup = 901AC15E29D4828F00763181;
			packageReferences = (
				901AC19C29D4959C00763181 /* XCRemoteSwiftPackageReference "swiftui-button-styles" */,
				901AC19F29D4A16900763181 /* XCRemoteSwiftPackageReference "swiftui-viewModifier" */,
				87F772CD29D54DAE00401D45 /* XCRemoteSwiftPackageReference "PathBuilder" */,
				87F772D029D54EC500401D45 /* XCRemoteSwiftPackageReference "swiftui-additions" */,
				871BF27329D67A65007B9664 /* XCRemoteSwiftPackageReference "swiftui-list-extension" */,
			);
			productRefGroup = 901AC16829D4829000763181 /* Products */;
			projectDirPath = "";
			projectRoot = "";
			targets = (
				901AC16629D4829000763181 /* Examples */,
				901AC17729D4829300763181 /* ExamplesTests */,
				901AC18129D4829300763181 /* ExamplesUITests */,
			);
		};
/* End PBXProject section */

/* Begin PBXResourcesBuildPhase section */
		901AC16529D4829000763181 /* Resources */ = {
			isa = PBXResourcesBuildPhase;
			buildActionMask = 2147483647;
			files = (
				901AC17329D4829200763181 /* Preview Assets.xcassets in Resources */,
				901AC16F29D4829200763181 /* Assets.xcassets in Resources */,
			);
			runOnlyForDeploymentPostprocessing = 0;
		};
		901AC17629D4829300763181 /* Resources */ = {
			isa = PBXResourcesBuildPhase;
			buildActionMask = 2147483647;
			files = (
			);
			runOnlyForDeploymentPostprocessing = 0;
		};
		901AC18029D4829300763181 /* Resources */ = {
			isa = PBXResourcesBuildPhase;
			buildActionMask = 2147483647;
			files = (
			);
			runOnlyForDeploymentPostprocessing = 0;
		};
/* End PBXResourcesBuildPhase section */

/* Begin PBXSourcesBuildPhase section */
		901AC16329D4829000763181 /* Sources */ = {
			isa = PBXSourcesBuildPhase;
			buildActionMask = 2147483647;
			files = (
				901AC16D29D4829000763181 /* ContentView.swift in Sources */,
				901AC16B29D4829000763181 /* ExamplesApp.swift in Sources */,
			);
			runOnlyForDeploymentPostprocessing = 0;
		};
		901AC17429D4829300763181 /* Sources */ = {
			isa = PBXSourcesBuildPhase;
			buildActionMask = 2147483647;
			files = (
				901AC17D29D4829300763181 /* ExamplesTests.swift in Sources */,
			);
			runOnlyForDeploymentPostprocessing = 0;
		};
		901AC17E29D4829300763181 /* Sources */ = {
			isa = PBXSourcesBuildPhase;
			buildActionMask = 2147483647;
			files = (
				901AC18929D4829300763181 /* ExamplesUITestsLaunchTests.swift in Sources */,
				901AC18729D4829300763181 /* ExamplesUITests.swift in Sources */,
			);
			runOnlyForDeploymentPostprocessing = 0;
		};
/* End PBXSourcesBuildPhase section */

/* Begin PBXTargetDependency section */
		901AC17A29D4829300763181 /* PBXTargetDependency */ = {
			isa = PBXTargetDependency;
			target = 901AC16629D4829000763181 /* Examples */;
			targetProxy = 901AC17929D4829300763181 /* PBXContainerItemProxy */;
		};
		901AC18429D4829300763181 /* PBXTargetDependency */ = {
			isa = PBXTargetDependency;
			target = 901AC16629D4829000763181 /* Examples */;
			targetProxy = 901AC18329D4829300763181 /* PBXContainerItemProxy */;
		};
/* End PBXTargetDependency section */

/* Begin XCBuildConfiguration section */
		901AC18A29D4829300763181 /* Debug */ = {
			isa = XCBuildConfiguration;
			buildSettings = {
				ALWAYS_SEARCH_USER_PATHS = NO;
				CLANG_ANALYZER_NONNULL = YES;
				CLANG_ANALYZER_NUMBER_OBJECT_CONVERSION = YES_AGGRESSIVE;
				CLANG_CXX_LANGUAGE_STANDARD = "gnu++20";
				CLANG_ENABLE_MODULES = YES;
				CLANG_ENABLE_OBJC_ARC = YES;
				CLANG_ENABLE_OBJC_WEAK = YES;
				CLANG_WARN_BLOCK_CAPTURE_AUTORELEASING = YES;
				CLANG_WARN_BOOL_CONVERSION = YES;
				CLANG_WARN_COMMA = YES;
				CLANG_WARN_CONSTANT_CONVERSION = YES;
				CLANG_WARN_DEPRECATED_OBJC_IMPLEMENTATIONS = YES;
				CLANG_WARN_DIRECT_OBJC_ISA_USAGE = YES_ERROR;
				CLANG_WARN_DOCUMENTATION_COMMENTS = YES;
				CLANG_WARN_EMPTY_BODY = YES;
				CLANG_WARN_ENUM_CONVERSION = YES;
				CLANG_WARN_INFINITE_RECURSION = YES;
				CLANG_WARN_INT_CONVERSION = YES;
				CLANG_WARN_NON_LITERAL_NULL_CONVERSION = YES;
				CLANG_WARN_OBJC_IMPLICIT_RETAIN_SELF = YES;
				CLANG_WARN_OBJC_LITERAL_CONVERSION = YES;
				CLANG_WARN_OBJC_ROOT_CLASS = YES_ERROR;
				CLANG_WARN_QUOTED_INCLUDE_IN_FRAMEWORK_HEADER = YES;
				CLANG_WARN_RANGE_LOOP_ANALYSIS = YES;
				CLANG_WARN_STRICT_PROTOTYPES = YES;
				CLANG_WARN_SUSPICIOUS_MOVE = YES;
				CLANG_WARN_UNGUARDED_AVAILABILITY = YES_AGGRESSIVE;
				CLANG_WARN_UNREACHABLE_CODE = YES;
				CLANG_WARN__DUPLICATE_METHOD_MATCH = YES;
				COPY_PHASE_STRIP = NO;
				DEBUG_INFORMATION_FORMAT = dwarf;
				ENABLE_STRICT_OBJC_MSGSEND = YES;
				ENABLE_TESTABILITY = YES;
				GCC_C_LANGUAGE_STANDARD = gnu11;
				GCC_DYNAMIC_NO_PIC = NO;
				GCC_NO_COMMON_BLOCKS = YES;
				GCC_OPTIMIZATION_LEVEL = 0;
				GCC_PREPROCESSOR_DEFINITIONS = (
					"DEBUG=1",
					"$(inherited)",
				);
				GCC_WARN_64_TO_32_BIT_CONVERSION = YES;
				GCC_WARN_ABOUT_RETURN_TYPE = YES_ERROR;
				GCC_WARN_UNDECLARED_SELECTOR = YES;
				GCC_WARN_UNINITIALIZED_AUTOS = YES_AGGRESSIVE;
				GCC_WARN_UNUSED_FUNCTION = YES;
				GCC_WARN_UNUSED_VARIABLE = YES;
				MTL_ENABLE_DEBUG_INFO = INCLUDE_SOURCE;
				MTL_FAST_MATH = YES;
				ONLY_ACTIVE_ARCH = YES;
				SWIFT_ACTIVE_COMPILATION_CONDITIONS = DEBUG;
				SWIFT_OPTIMIZATION_LEVEL = "-Onone";
			};
			name = Debug;
		};
		901AC18B29D4829300763181 /* Release */ = {
			isa = XCBuildConfiguration;
			buildSettings = {
				ALWAYS_SEARCH_USER_PATHS = NO;
				CLANG_ANALYZER_NONNULL = YES;
				CLANG_ANALYZER_NUMBER_OBJECT_CONVERSION = YES_AGGRESSIVE;
				CLANG_CXX_LANGUAGE_STANDARD = "gnu++20";
				CLANG_ENABLE_MODULES = YES;
				CLANG_ENABLE_OBJC_ARC = YES;
				CLANG_ENABLE_OBJC_WEAK = YES;
				CLANG_WARN_BLOCK_CAPTURE_AUTORELEASING = YES;
				CLANG_WARN_BOOL_CONVERSION = YES;
				CLANG_WARN_COMMA = YES;
				CLANG_WARN_CONSTANT_CONVERSION = YES;
				CLANG_WARN_DEPRECATED_OBJC_IMPLEMENTATIONS = YES;
				CLANG_WARN_DIRECT_OBJC_ISA_USAGE = YES_ERROR;
				CLANG_WARN_DOCUMENTATION_COMMENTS = YES;
				CLANG_WARN_EMPTY_BODY = YES;
				CLANG_WARN_ENUM_CONVERSION = YES;
				CLANG_WARN_INFINITE_RECURSION = YES;
				CLANG_WARN_INT_CONVERSION = YES;
				CLANG_WARN_NON_LITERAL_NULL_CONVERSION = YES;
				CLANG_WARN_OBJC_IMPLICIT_RETAIN_SELF = YES;
				CLANG_WARN_OBJC_LITERAL_CONVERSION = YES;
				CLANG_WARN_OBJC_ROOT_CLASS = YES_ERROR;
				CLANG_WARN_QUOTED_INCLUDE_IN_FRAMEWORK_HEADER = YES;
				CLANG_WARN_RANGE_LOOP_ANALYSIS = YES;
				CLANG_WARN_STRICT_PROTOTYPES = YES;
				CLANG_WARN_SUSPICIOUS_MOVE = YES;
				CLANG_WARN_UNGUARDED_AVAILABILITY = YES_AGGRESSIVE;
				CLANG_WARN_UNREACHABLE_CODE = YES;
				CLANG_WARN__DUPLICATE_METHOD_MATCH = YES;
				COPY_PHASE_STRIP = NO;
				DEBUG_INFORMATION_FORMAT = "dwarf-with-dsym";
				ENABLE_NS_ASSERTIONS = NO;
				ENABLE_STRICT_OBJC_MSGSEND = YES;
				GCC_C_LANGUAGE_STANDARD = gnu11;
				GCC_NO_COMMON_BLOCKS = YES;
				GCC_WARN_64_TO_32_BIT_CONVERSION = YES;
				GCC_WARN_ABOUT_RETURN_TYPE = YES_ERROR;
				GCC_WARN_UNDECLARED_SELECTOR = YES;
				GCC_WARN_UNINITIALIZED_AUTOS = YES_AGGRESSIVE;
				GCC_WARN_UNUSED_FUNCTION = YES;
				GCC_WARN_UNUSED_VARIABLE = YES;
				MTL_ENABLE_DEBUG_INFO = NO;
				MTL_FAST_MATH = YES;
				SWIFT_COMPILATION_MODE = wholemodule;
				SWIFT_OPTIMIZATION_LEVEL = "-O";
			};
			name = Release;
		};
		901AC18D29D4829300763181 /* Debug */ = {
			isa = XCBuildConfiguration;
			buildSettings = {
				ASSETCATALOG_COMPILER_APPICON_NAME = AppIcon;
				ASSETCATALOG_COMPILER_GLOBAL_ACCENT_COLOR_NAME = AccentColor;
				CODE_SIGN_ENTITLEMENTS = Examples/Examples.entitlements;
				CODE_SIGN_STYLE = Automatic;
				CURRENT_PROJECT_VERSION = 1;
				DEVELOPMENT_ASSET_PATHS = "\"Examples/Preview Content\"";
				ENABLE_PREVIEWS = YES;
				GENERATE_INFOPLIST_FILE = YES;
				"INFOPLIST_KEY_UIApplicationSceneManifest_Generation[sdk=iphoneos*]" = YES;
				"INFOPLIST_KEY_UIApplicationSceneManifest_Generation[sdk=iphonesimulator*]" = YES;
				"INFOPLIST_KEY_UIApplicationSupportsIndirectInputEvents[sdk=iphoneos*]" = YES;
				"INFOPLIST_KEY_UIApplicationSupportsIndirectInputEvents[sdk=iphonesimulator*]" = YES;
				"INFOPLIST_KEY_UILaunchScreen_Generation[sdk=iphoneos*]" = YES;
				"INFOPLIST_KEY_UILaunchScreen_Generation[sdk=iphonesimulator*]" = YES;
				"INFOPLIST_KEY_UIStatusBarStyle[sdk=iphoneos*]" = UIStatusBarStyleDefault;
				"INFOPLIST_KEY_UIStatusBarStyle[sdk=iphonesimulator*]" = UIStatusBarStyleDefault;
				INFOPLIST_KEY_UISupportedInterfaceOrientations_iPad = "UIInterfaceOrientationPortrait UIInterfaceOrientationPortraitUpsideDown UIInterfaceOrientationLandscapeLeft UIInterfaceOrientationLandscapeRight";
				INFOPLIST_KEY_UISupportedInterfaceOrientations_iPhone = "UIInterfaceOrientationPortrait UIInterfaceOrientationLandscapeLeft UIInterfaceOrientationLandscapeRight";
				IPHONEOS_DEPLOYMENT_TARGET = 16.2;
				LD_RUNPATH_SEARCH_PATHS = "@executable_path/Frameworks";
				"LD_RUNPATH_SEARCH_PATHS[sdk=macosx*]" = "@executable_path/../Frameworks";
				MACOSX_DEPLOYMENT_TARGET = 12.6;
				MARKETING_VERSION = 1.0;
				PRODUCT_BUNDLE_IDENTIFIER = app.Examples;
				PRODUCT_NAME = "$(TARGET_NAME)";
				SDKROOT = auto;
				SUPPORTED_PLATFORMS = "iphoneos iphonesimulator macosx";
				SWIFT_EMIT_LOC_STRINGS = YES;
				SWIFT_VERSION = 5.0;
				TARGETED_DEVICE_FAMILY = "1,2";
			};
			name = Debug;
		};
		901AC18E29D4829300763181 /* Release */ = {
			isa = XCBuildConfiguration;
			buildSettings = {
				ASSETCATALOG_COMPILER_APPICON_NAME = AppIcon;
				ASSETCATALOG_COMPILER_GLOBAL_ACCENT_COLOR_NAME = AccentColor;
				CODE_SIGN_ENTITLEMENTS = Examples/Examples.entitlements;
				CODE_SIGN_STYLE = Automatic;
				CURRENT_PROJECT_VERSION = 1;
				DEVELOPMENT_ASSET_PATHS = "\"Examples/Preview Content\"";
				ENABLE_PREVIEWS = YES;
				GENERATE_INFOPLIST_FILE = YES;
				"INFOPLIST_KEY_UIApplicationSceneManifest_Generation[sdk=iphoneos*]" = YES;
				"INFOPLIST_KEY_UIApplicationSceneManifest_Generation[sdk=iphonesimulator*]" = YES;
				"INFOPLIST_KEY_UIApplicationSupportsIndirectInputEvents[sdk=iphoneos*]" = YES;
				"INFOPLIST_KEY_UIApplicationSupportsIndirectInputEvents[sdk=iphonesimulator*]" = YES;
				"INFOPLIST_KEY_UILaunchScreen_Generation[sdk=iphoneos*]" = YES;
				"INFOPLIST_KEY_UILaunchScreen_Generation[sdk=iphonesimulator*]" = YES;
				"INFOPLIST_KEY_UIStatusBarStyle[sdk=iphoneos*]" = UIStatusBarStyleDefault;
				"INFOPLIST_KEY_UIStatusBarStyle[sdk=iphonesimulator*]" = UIStatusBarStyleDefault;
				INFOPLIST_KEY_UISupportedInterfaceOrientations_iPad = "UIInterfaceOrientationPortrait UIInterfaceOrientationPortraitUpsideDown UIInterfaceOrientationLandscapeLeft UIInterfaceOrientationLandscapeRight";
				INFOPLIST_KEY_UISupportedInterfaceOrientations_iPhone = "UIInterfaceOrientationPortrait UIInterfaceOrientationLandscapeLeft UIInterfaceOrientationLandscapeRight";
				IPHONEOS_DEPLOYMENT_TARGET = 16.2;
				LD_RUNPATH_SEARCH_PATHS = "@executable_path/Frameworks";
				"LD_RUNPATH_SEARCH_PATHS[sdk=macosx*]" = "@executable_path/../Frameworks";
				MACOSX_DEPLOYMENT_TARGET = 12.6;
				MARKETING_VERSION = 1.0;
				PRODUCT_BUNDLE_IDENTIFIER = app.Examples;
				PRODUCT_NAME = "$(TARGET_NAME)";
				SDKROOT = auto;
				SUPPORTED_PLATFORMS = "iphoneos iphonesimulator macosx";
				SWIFT_EMIT_LOC_STRINGS = YES;
				SWIFT_VERSION = 5.0;
				TARGETED_DEVICE_FAMILY = "1,2";
			};
			name = Release;
		};
		901AC19029D4829300763181 /* Debug */ = {
			isa = XCBuildConfiguration;
			buildSettings = {
				ALWAYS_EMBED_SWIFT_STANDARD_LIBRARIES = YES;
				BUNDLE_LOADER = "$(TEST_HOST)";
				CODE_SIGN_STYLE = Automatic;
				CURRENT_PROJECT_VERSION = 1;
				GENERATE_INFOPLIST_FILE = YES;
				IPHONEOS_DEPLOYMENT_TARGET = 16.2;
				MACOSX_DEPLOYMENT_TARGET = 12.6;
				MARKETING_VERSION = 1.0;
				PRODUCT_BUNDLE_IDENTIFIER = app.ExamplesTests;
				PRODUCT_NAME = "$(TARGET_NAME)";
				SDKROOT = auto;
				SUPPORTED_PLATFORMS = "iphoneos iphonesimulator macosx";
				SWIFT_EMIT_LOC_STRINGS = NO;
				SWIFT_VERSION = 5.0;
				TARGETED_DEVICE_FAMILY = "1,2";
				TEST_HOST = "$(BUILT_PRODUCTS_DIR)/Examples.app/$(BUNDLE_EXECUTABLE_FOLDER_PATH)/Examples";
			};
			name = Debug;
		};
		901AC19129D4829300763181 /* Release */ = {
			isa = XCBuildConfiguration;
			buildSettings = {
				ALWAYS_EMBED_SWIFT_STANDARD_LIBRARIES = YES;
				BUNDLE_LOADER = "$(TEST_HOST)";
				CODE_SIGN_STYLE = Automatic;
				CURRENT_PROJECT_VERSION = 1;
				GENERATE_INFOPLIST_FILE = YES;
				IPHONEOS_DEPLOYMENT_TARGET = 16.2;
				MACOSX_DEPLOYMENT_TARGET = 12.6;
				MARKETING_VERSION = 1.0;
				PRODUCT_BUNDLE_IDENTIFIER = app.ExamplesTests;
				PRODUCT_NAME = "$(TARGET_NAME)";
				SDKROOT = auto;
				SUPPORTED_PLATFORMS = "iphoneos iphonesimulator macosx";
				SWIFT_EMIT_LOC_STRINGS = NO;
				SWIFT_VERSION = 5.0;
				TARGETED_DEVICE_FAMILY = "1,2";
				TEST_HOST = "$(BUILT_PRODUCTS_DIR)/Examples.app/$(BUNDLE_EXECUTABLE_FOLDER_PATH)/Examples";
			};
			name = Release;
		};
		901AC19329D4829300763181 /* Debug */ = {
			isa = XCBuildConfiguration;
			buildSettings = {
				ALWAYS_EMBED_SWIFT_STANDARD_LIBRARIES = YES;
				CODE_SIGN_STYLE = Automatic;
				CURRENT_PROJECT_VERSION = 1;
				GENERATE_INFOPLIST_FILE = YES;
				IPHONEOS_DEPLOYMENT_TARGET = 16.2;
				MACOSX_DEPLOYMENT_TARGET = 12.6;
				MARKETING_VERSION = 1.0;
				PRODUCT_BUNDLE_IDENTIFIER = app.ExamplesUITests;
				PRODUCT_NAME = "$(TARGET_NAME)";
				SDKROOT = auto;
				SUPPORTED_PLATFORMS = "iphoneos iphonesimulator macosx";
				SWIFT_EMIT_LOC_STRINGS = NO;
				SWIFT_VERSION = 5.0;
				TARGETED_DEVICE_FAMILY = "1,2";
				TEST_TARGET_NAME = Examples;
			};
			name = Debug;
		};
		901AC19429D4829300763181 /* Release */ = {
			isa = XCBuildConfiguration;
			buildSettings = {
				ALWAYS_EMBED_SWIFT_STANDARD_LIBRARIES = YES;
				CODE_SIGN_STYLE = Automatic;
				CURRENT_PROJECT_VERSION = 1;
				GENERATE_INFOPLIST_FILE = YES;
				IPHONEOS_DEPLOYMENT_TARGET = 16.2;
				MACOSX_DEPLOYMENT_TARGET = 12.6;
				MARKETING_VERSION = 1.0;
				PRODUCT_BUNDLE_IDENTIFIER = app.ExamplesUITests;
				PRODUCT_NAME = "$(TARGET_NAME)";
				SDKROOT = auto;
				SUPPORTED_PLATFORMS = "iphoneos iphonesimulator macosx";
				SWIFT_EMIT_LOC_STRINGS = NO;
				SWIFT_VERSION = 5.0;
				TARGETED_DEVICE_FAMILY = "1,2";
				TEST_TARGET_NAME = Examples;
			};
			name = Release;
		};
/* End XCBuildConfiguration section */

/* Begin XCConfigurationList section */
		901AC16229D4829000763181 /* Build configuration list for PBXProject "Examples" */ = {
			isa = XCConfigurationList;
			buildConfigurations = (
				901AC18A29D4829300763181 /* Debug */,
				901AC18B29D4829300763181 /* Release */,
			);
			defaultConfigurationIsVisible = 0;
			defaultConfigurationName = Release;
		};
		901AC18C29D4829300763181 /* Build configuration list for PBXNativeTarget "Examples" */ = {
			isa = XCConfigurationList;
			buildConfigurations = (
				901AC18D29D4829300763181 /* Debug */,
				901AC18E29D4829300763181 /* Release */,
			);
			defaultConfigurationIsVisible = 0;
			defaultConfigurationName = Release;
		};
		901AC18F29D4829300763181 /* Build configuration list for PBXNativeTarget "ExamplesTests" */ = {
			isa = XCConfigurationList;
			buildConfigurations = (
				901AC19029D4829300763181 /* Debug */,
				901AC19129D4829300763181 /* Release */,
			);
			defaultConfigurationIsVisible = 0;
			defaultConfigurationName = Release;
		};
		901AC19229D4829300763181 /* Build configuration list for PBXNativeTarget "ExamplesUITests" */ = {
			isa = XCConfigurationList;
			buildConfigurations = (
				901AC19329D4829300763181 /* Debug */,
				901AC19429D4829300763181 /* Release */,
			);
			defaultConfigurationIsVisible = 0;
			defaultConfigurationName = Release;
		};
/* End XCConfigurationList section */

/* Begin XCRemoteSwiftPackageReference section */
		871BF27329D67A65007B9664 /* XCRemoteSwiftPackageReference "swiftui-list-extension" */ = {
			isa = XCRemoteSwiftPackageReference;
			repositoryURL = "https://github.com/FullStack-Swift/swiftui-list-extension";
			requirement = {
				branch = main;
				kind = branch;
			};
		};
		87F772CD29D54DAE00401D45 /* XCRemoteSwiftPackageReference "PathBuilder" */ = {
			isa = XCRemoteSwiftPackageReference;
			repositoryURL = "https://github.com/mkj-is/PathBuilder.git";
			requirement = {
				kind = exactVersion;
				version = 2.0.1;
			};
		};
		87F772D029D54EC500401D45 /* XCRemoteSwiftPackageReference "swiftui-additions" */ = {
			isa = XCRemoteSwiftPackageReference;
			repositoryURL = "https://github.com/FullStack-Swift/swiftui-additions";
			requirement = {
				branch = main;
				kind = branch;
			};
		};
		901AC19C29D4959C00763181 /* XCRemoteSwiftPackageReference "swiftui-button-styles" */ = {
			isa = XCRemoteSwiftPackageReference;
			repositoryURL = "https://github.com/FullStack-Swift/swiftui-button-styles";
			requirement = {
				branch = main;
				kind = branch;
			};
		};
		901AC19F29D4A16900763181 /* XCRemoteSwiftPackageReference "swiftui-viewModifier" */ = {
			isa = XCRemoteSwiftPackageReference;
			repositoryURL = "https://github.com/FullStack-Swift/swiftui-viewModifier";
			requirement = {
				branch = main;
				kind = branch;
			};
		};
/* End XCRemoteSwiftPackageReference section */

/* Begin XCSwiftPackageProductDependency section */
		871BF27429D67A65007B9664 /* swiftui-list-extension */ = {
			isa = XCSwiftPackageProductDependency;
			package = 871BF27329D67A65007B9664 /* XCRemoteSwiftPackageReference "swiftui-list-extension" */;
			productName = "swiftui-list-extension";
		};
		87F772CE29D54DAE00401D45 /* PathBuilder */ = {
			isa = XCSwiftPackageProductDependency;
			package = 87F772CD29D54DAE00401D45 /* XCRemoteSwiftPackageReference "PathBuilder" */;
			productName = PathBuilder;
		};
		87F772D129D54EC500401D45 /* SwiftUIAdditions */ = {
			isa = XCSwiftPackageProductDependency;
			package = 87F772D029D54EC500401D45 /* XCRemoteSwiftPackageReference "swiftui-additions" */;
			productName = SwiftUIAdditions;
		};
		901AC19D29D4959C00763181 /* ButtonStyles */ = {
			isa = XCSwiftPackageProductDependency;
			package = 901AC19C29D4959C00763181 /* XCRemoteSwiftPackageReference "swiftui-button-styles" */;
			productName = ButtonStyles;
		};
		901AC1A029D4A16900763181 /* SwiftUIViewModifier */ = {
			isa = XCSwiftPackageProductDependency;
			package = 901AC19F29D4A16900763181 /* XCRemoteSwiftPackageReference "swiftui-viewModifier" */;
			productName = SwiftUIViewModifier;
		};
		90A6B33829D4C96100495636 /* SwiftUIMenu */ = {
			isa = XCSwiftPackageProductDependency;
			productName = SwiftUIMenu;
		};
/* End XCSwiftPackageProductDependency section */
	};
	rootObject = 901AC15F29D4828F00763181 /* Project object */;
}
