{
  "pins" : [
    {
      "identity" : "pathbuilder",
      "kind" : "remoteSourceControl",
      "location" : "https://github.com/mkj-is/PathBuilder.git",
      "state" : {
        "revision" : "a5580affc0bce16dd637ed90c3bea51c7a6a2590",
        "version" : "2.0.1"
      }
    },
    {
      "identity" : "swiftui-additions",
      "kind" : "remoteSourceControl",
      "location" : "https://github.com/FullStack-Swift/swiftui-additions",
      "state" : {
        "branch" : "main",
        "revision" : "477575e2d0f1ccbd3ccd81507799d4254837ffe0"
      }
    },
    {
      "identity" : "swiftui-button-styles",
      "kind" : "remoteSourceControl",
      "location" : "https://github.com/FullStack-Swift/swiftui-button-styles",
      "state" : {
        "branch" : "main",
        "revision" : "388b32ec43e7f81916583fdf7a2645f7848bf0ab"
      }
    },
    {
      "identity" : "swiftui-list-extension",
      "kind" : "remoteSourceControl",
      "location" : "https://github.com/FullStack-Swift/swiftui-list-extension",
      "state" : {
        "branch" : "main",
        "revision" : "5ef0293e3b9a659994c1fb599a52511adffd72d0"
      }
    },
    {
      "identity" : "swiftui-viewmodifier",
      "kind" : "remoteSourceControl",
      "location" : "https://github.com/FullStack-Swift/swiftui-viewModifier",
      "state" : {
        "branch" : "main",
        "revision" : "15bfeab4363ad68d394ca83be6fbe235e1a4d2e4"
      }
    }
  ],
  "version" : 2
}
